// !$*UTF8*$!
{
	archiveVersion = 1;
	classes = {
	};
	objectVersion = 48;
	objects = {

/* Begin PBXBuildFile section */
		08BA176A203FE1F100435F8F /* AppDelegate.swift in Sources */ = {isa = PBXBuildFile; fileRef = 08BA1769203FE1F100435F8F /* AppDelegate.swift */; };
		08BA176C203FE1F100435F8F /* ViewController.swift in Sources */ = {isa = PBXBuildFile; fileRef = 08BA176B203FE1F100435F8F /* ViewController.swift */; };
		08BA176F203FE1F100435F8F /* Main.storyboard in Resources */ = {isa = PBXBuildFile; fileRef = 08BA176D203FE1F100435F8F /* Main.storyboard */; };
		08BA1772203FE1F100435F8F /* weatherApp.xcdatamodeld in Sources */ = {isa = PBXBuildFile; fileRef = 08BA1770203FE1F100435F8F /* weatherApp.xcdatamodeld */; };
		08BA1774203FE1F100435F8F /* Assets.xcassets in Resources */ = {isa = PBXBuildFile; fileRef = 08BA1773203FE1F100435F8F /* Assets.xcassets */; };
		08BA1777203FE1F100435F8F /* LaunchScreen.storyboard in Resources */ = {isa = PBXBuildFile; fileRef = 08BA1775203FE1F100435F8F /* LaunchScreen.storyboard */; };
		08BA1782203FE1F100435F8F /* weatherAppTests.swift in Sources */ = {isa = PBXBuildFile; fileRef = 08BA1781203FE1F100435F8F /* weatherAppTests.swift */; };
		08BA178D203FE1F100435F8F /* weatherAppUITests.swift in Sources */ = {isa = PBXBuildFile; fileRef = 08BA178C203FE1F100435F8F /* weatherAppUITests.swift */; };
/* End PBXBuildFile section */

/* Begin PBXContainerItemProxy section */
		08BA177E203FE1F100435F8F /* PBXContainerItemProxy */ = {
			isa = PBXContainerItemProxy;
			containerPortal = 08BA175E203FE1F100435F8F /* Project object */;
			proxyType = 1;
			remoteGlobalIDString = 08BA1765203FE1F100435F8F;
			remoteInfo = weatherApp;
		};
		08BA1789203FE1F100435F8F /* PBXContainerItemProxy */ = {
			isa = PBXContainerItemProxy;
			containerPortal = 08BA175E203FE1F100435F8F /* Project object */;
			proxyType = 1;
			remoteGlobalIDString = 08BA1765203FE1F100435F8F;
			remoteInfo = weatherApp;
		};
/* End PBXContainerItemProxy section */

/* Begin PBXFileReference section */
		08BA1766203FE1F100435F8F /* weatherApp.app */ = {isa = PBXFileReference; explicitFileType = wrapper.application; includeInIndex = 0; path = weatherApp.app; sourceTree = BUILT_PRODUCTS_DIR; };
		08BA1769203FE1F100435F8F /* AppDelegate.swift */ = {isa = PBXFileReference; lastKnownFileType = sourcecode.swift; path = AppDelegate.swift; sourceTree = "<group>"; };
		08BA176B203FE1F100435F8F /* ViewController.swift */ = {isa = PBXFileReference; lastKnownFileType = sourcecode.swift; path = ViewController.swift; sourceTree = "<group>"; };
		08BA176E203FE1F100435F8F /* Base */ = {isa = PBXFileReference; lastKnownFileType = file.storyboard; name = Base; path = Base.lproj/Main.storyboard; sourceTree = "<group>"; };
		08BA1771203FE1F100435F8F /* weatherApp.xcdatamodel */ = {isa = PBXFileReference; lastKnownFileType = wrapper.xcdatamodel; path = weatherApp.xcdatamodel; sourceTree = "<group>"; };
		08BA1773203FE1F100435F8F /* Assets.xcassets */ = {isa = PBXFileReference; lastKnownFileType = folder.assetcatalog; path = Assets.xcassets; sourceTree = "<group>"; };
		08BA1776203FE1F100435F8F /* Base */ = {isa = PBXFileReference; lastKnownFileType = file.storyboard; name = Base; path = Base.lproj/LaunchScreen.storyboard; sourceTree = "<group>"; };
		08BA1778203FE1F100435F8F /* Info.plist */ = {isa = PBXFileReference; lastKnownFileType = text.plist.xml; path = Info.plist; sourceTree = "<group>"; };
		08BA177D203FE1F100435F8F /* weatherAppTests.xctest */ = {isa = PBXFileReference; explicitFileType = wrapper.cfbundle; includeInIndex = 0; path = weatherAppTests.xctest; sourceTree = BUILT_PRODUCTS_DIR; };
		08BA1781203FE1F100435F8F /* weatherAppTests.swift */ = {isa = PBXFileReference; lastKnownFileType = sourcecode.swift; path = weatherAppTests.swift; sourceTree = "<group>"; };
		08BA1783203FE1F100435F8F /* Info.plist */ = {isa = PBXFileReference; lastKnownFileType = text.plist.xml; path = Info.plist; sourceTree = "<group>"; };
		08BA1788203FE1F100435F8F /* weatherAppUITests.xctest */ = {isa = PBXFileReference; explicitFileType = wrapper.cfbundle; includeInIndex = 0; path = weatherAppUITests.xctest; sourceTree = BUILT_PRODUCTS_DIR; };
		08BA178C203FE1F100435F8F /* weatherAppUITests.swift */ = {isa = PBXFileReference; lastKnownFileType = sourcecode.swift; path = weatherAppUITests.swift; sourceTree = "<group>"; };
		08BA178E203FE1F100435F8F /* Info.plist */ = {isa = PBXFileReference; lastKnownFileType = text.plist.xml; path = Info.plist; sourceTree = "<group>"; };
/* End PBXFileReference section */

/* Begin PBXFrameworksBuildPhase section */
		08BA1763203FE1F100435F8F /* Frameworks */ = {
			isa = PBXFrameworksBuildPhase;
			buildActionMask = 2147483647;
			files = (
			);
			runOnlyForDeploymentPostprocessing = 0;
		};
		08BA177A203FE1F100435F8F /* Frameworks */ = {
			isa = PBXFrameworksBuildPhase;
			buildActionMask = 2147483647;
			files = (
			);
			runOnlyForDeploymentPostprocessing = 0;
		};
		08BA1785203FE1F100435F8F /* Frameworks */ = {
			isa = PBXFrameworksBuildPhase;
			buildActionMask = 2147483647;
			files = (
			);
			runOnlyForDeploymentPostprocessing = 0;
		};
/* End PBXFrameworksBuildPhase section */

/* Begin PBXGroup section */
		08BA175D203FE1F100435F8F = {
			isa = PBXGroup;
			children = (
				08BA1768203FE1F100435F8F /* weatherApp */,
				08BA1780203FE1F100435F8F /* weatherAppTests */,
				08BA178B203FE1F100435F8F /* weatherAppUITests */,
				08BA1767203FE1F100435F8F /* Products */,
			);
			sourceTree = "<group>";
		};
		08BA1767203FE1F100435F8F /* Products */ = {
			isa = PBXGroup;
			children = (
				08BA1766203FE1F100435F8F /* weatherApp.app */,
				08BA177D203FE1F100435F8F /* weatherAppTests.xctest */,
				08BA1788203FE1F100435F8F /* weatherAppUITests.xctest */,
			);
			name = Products;
			sourceTree = "<group>";
		};
		08BA1768203FE1F100435F8F /* weatherApp */ = {
			isa = PBXGroup;
			children = (
				08BA1769203FE1F100435F8F /* AppDelegate.swift */,
				08BA176B203FE1F100435F8F /* ViewController.swift */,
				08BA176D203FE1F100435F8F /* Main.storyboard */,
				08BA1773203FE1F100435F8F /* Assets.xcassets */,
				08BA1775203FE1F100435F8F /* LaunchScreen.storyboard */,
				08BA1778203FE1F100435F8F /* Info.plist */,
				08BA1770203FE1F100435F8F /* weatherApp.xcdatamodeld */,
			);
			path = weatherApp;
			sourceTree = "<group>";
		};
		08BA1780203FE1F100435F8F /* weatherAppTests */ = {
			isa = PBXGroup;
			children = (
				08BA1781203FE1F100435F8F /* weatherAppTests.swift */,
				08BA1783203FE1F100435F8F /* Info.plist */,
			);
			path = weatherAppTests;
			sourceTree = "<group>";
		};
		08BA178B203FE1F100435F8F /* weatherAppUITests */ = {
			isa = PBXGroup;
			children = (
				08BA178C203FE1F100435F8F /* weatherAppUITests.swift */,
				08BA178E203FE1F100435F8F /* Info.plist */,
			);
			path = weatherAppUITests;
			sourceTree = "<group>";
		};
/* End PBXGroup section */

/* Begin PBXNativeTarget section */
		08BA1765203FE1F100435F8F /* weatherApp */ = {
			isa = PBXNativeTarget;
			buildConfigurationList = 08BA1791203FE1F100435F8F /* Build configuration list for PBXNativeTarget "weatherApp" */;
			buildPhases = (
				08BA1762203FE1F100435F8F /* Sources */,
				08BA1763203FE1F100435F8F /* Frameworks */,
				08BA1764203FE1F100435F8F /* Resources */,
			);
			buildRules = (
			);
			dependencies = (
			);
			name = weatherApp;
			productName = weatherApp;
			productReference = 08BA1766203FE1F100435F8F /* weatherApp.app */;
			productType = "com.apple.product-type.application";
		};
		08BA177C203FE1F100435F8F /* weatherAppTests */ = {
			isa = PBXNativeTarget;
			buildConfigurationList = 08BA1794203FE1F100435F8F /* Build configuration list for PBXNativeTarget "weatherAppTests" */;
			buildPhases = (
				08BA1779203FE1F100435F8F /* Sources */,
				08BA177A203FE1F100435F8F /* Frameworks */,
				08BA177B203FE1F100435F8F /* Resources */,
			);
			buildRules = (
			);
			dependencies = (
				08BA177F203FE1F100435F8F /* PBXTargetDependency */,
			);
			name = weatherAppTests;
			productName = weatherAppTests;
			productReference = 08BA177D203FE1F100435F8F /* weatherAppTests.xctest */;
			productType = "com.apple.product-type.bundle.unit-test";
		};
		08BA1787203FE1F100435F8F /* weatherAppUITests */ = {
			isa = PBXNativeTarget;
			buildConfigurationList = 08BA1797203FE1F100435F8F /* Build configuration list for PBXNativeTarget "weatherAppUITests" */;
			buildPhases = (
				08BA1784203FE1F100435F8F /* Sources */,
				08BA1785203FE1F100435F8F /* Frameworks */,
				08BA1786203FE1F100435F8F /* Resources */,
			);
			buildRules = (
			);
			dependencies = (
				08BA178A203FE1F100435F8F /* PBXTargetDependency */,
			);
			name = weatherAppUITests;
			productName = weatherAppUITests;
			productReference = 08BA1788203FE1F100435F8F /* weatherAppUITests.xctest */;
			productType = "com.apple.product-type.bundle.ui-testing";
		};
/* End PBXNativeTarget section */

/* Begin PBXProject section */
		08BA175E203FE1F100435F8F /* Project object */ = {
			isa = PBXProject;
			attributes = {
				LastSwiftUpdateCheck = 0920;
				LastUpgradeCheck = 0920;
				ORGANIZATIONNAME = "Rahul Dhiman";
				TargetAttributes = {
					08BA1765203FE1F100435F8F = {
						CreatedOnToolsVersion = 9.2;
						ProvisioningStyle = Automatic;
					};
					08BA177C203FE1F100435F8F = {
						CreatedOnToolsVersion = 9.2;
						ProvisioningStyle = Automatic;
						TestTargetID = 08BA1765203FE1F100435F8F;
					};
					08BA1787203FE1F100435F8F = {
						CreatedOnToolsVersion = 9.2;
						ProvisioningStyle = Automatic;
						TestTargetID = 08BA1765203FE1F100435F8F;
					};
				};
			};
			buildConfigurationList = 08BA1761203FE1F100435F8F /* Build configuration list for PBXProject "weatherApp" */;
			compatibilityVersion = "Xcode 8.0";
			developmentRegion = en;
			hasScannedForEncodings = 0;
			knownRegions = (
				en,
				Base,
			);
			mainGroup = 08BA175D203FE1F100435F8F;
			productRefGroup = 08BA1767203FE1F100435F8F /* Products */;
			projectDirPath = "";
			projectRoot = "";
			targets = (
				08BA1765203FE1F100435F8F /* weatherApp */,
				08BA177C203FE1F100435F8F /* weatherAppTests */,
				08BA1787203FE1F100435F8F /* weatherAppUITests */,
			);
		};
/* End PBXProject section */

/* Begin PBXResourcesBuildPhase section */
		08BA1764203FE1F100435F8F /* Resources */ = {
			isa = PBXResourcesBuildPhase;
			buildActionMask = 2147483647;
			files = (
				08BA1777203FE1F100435F8F /* LaunchScreen.storyboard in Resources */,
				08BA1774203FE1F100435F8F /* Assets.xcassets in Resources */,
				08BA176F203FE1F100435F8F /* Main.storyboard in Resources */,
			);
			runOnlyForDeploymentPostprocessing = 0;
		};
		08BA177B203FE1F100435F8F /* Resources */ = {
			isa = PBXResourcesBuildPhase;
			buildActionMask = 2147483647;
			files = (
			);
			runOnlyForDeploymentPostprocessing = 0;
		};
		08BA1786203FE1F100435F8F /* Resources */ = {
			isa = PBXResourcesBuildPhase;
			buildActionMask = 2147483647;
			files = (
			);
			runOnlyForDeploymentPostprocessing = 0;
		};
/* End PBXResourcesBuildPhase section */

/* Begin PBXSourcesBuildPhase section */
		08BA1762203FE1F100435F8F /* Sources */ = {
			isa = PBXSourcesBuildPhase;
			buildActionMask = 2147483647;
			files = (
				08BA176C203FE1F100435F8F /* ViewController.swift in Sources */,
				08BA1772203FE1F100435F8F /* weatherApp.xcdatamodeld in Sources */,
				08BA176A203FE1F100435F8F /* AppDelegate.swift in Sources */,
			);
			runOnlyForDeploymentPostprocessing = 0;
		};
		08BA1779203FE1F100435F8F /* Sources */ = {
			isa = PBXSourcesBuildPhase;
			buildActionMask = 2147483647;
			files = (
				08BA1782203FE1F100435F8F /* weatherAppTests.swift in Sources */,
			);
			runOnlyForDeploymentPostprocessing = 0;
		};
		08BA1784203FE1F100435F8F /* Sources */ = {
			isa = PBXSourcesBuildPhase;
			buildActionMask = 2147483647;
			files = (
				08BA178D203FE1F100435F8F /* weatherAppUITests.swift in Sources */,
			);
			runOnlyForDeploymentPostprocessing = 0;
		};
/* End PBXSourcesBuildPhase section */

/* Begin PBXTargetDependency section */
		08BA177F203FE1F100435F8F /* PBXTargetDependency */ = {
			isa = PBXTargetDependency;
			target = 08BA1765203FE1F100435F8F /* weatherApp */;
			targetProxy = 08BA177E203FE1F100435F8F /* PBXContainerItemProxy */;
		};
		08BA178A203FE1F100435F8F /* PBXTargetDependency */ = {
			isa = PBXTargetDependency;
			target = 08BA1765203FE1F100435F8F /* weatherApp */;
			targetProxy = 08BA1789203FE1F100435F8F /* PBXContainerItemProxy */;
		};
/* End PBXTargetDependency section */

/* Begin PBXVariantGroup section */
		08BA176D203FE1F100435F8F /* Main.storyboard */ = {
			isa = PBXVariantGroup;
			children = (
				08BA176E203FE1F100435F8F /* Base */,
			);
			name = Main.storyboard;
			sourceTree = "<group>";
		};
		08BA1775203FE1F100435F8F /* LaunchScreen.storyboard */ = {
			isa = PBXVariantGroup;
			children = (
				08BA1776203FE1F100435F8F /* Base */,
			);
			name = LaunchScreen.storyboard;
			sourceTree = "<group>";
		};
/* End PBXVariantGroup section */

/* Begin XCBuildConfiguration section */
		08BA178F203FE1F100435F8F /* Debug */ = {
			isa = XCBuildConfiguration;
			buildSettings = {
				ALWAYS_SEARCH_USER_PATHS = NO;
				CLANG_ANALYZER_NONNULL = YES;
				CLANG_ANALYZER_NUMBER_OBJECT_CONVERSION = YES_AGGRESSIVE;
				CLANG_CXX_LANGUAGE_STANDARD = "gnu++14";
				CLANG_CXX_LIBRARY = "libc++";
				CLANG_ENABLE_MODULES = YES;
				CLANG_ENABLE_OBJC_ARC = YES;
				CLANG_WARN_BLOCK_CAPTURE_AUTORELEASING = YES;
				CLANG_WARN_BOOL_CONVERSION = YES;
				CLANG_WARN_COMMA = YES;
				CLANG_WARN_CONSTANT_CONVERSION = YES;
				CLANG_WARN_DIRECT_OBJC_ISA_USAGE = YES_ERROR;
				CLANG_WARN_DOCUMENTATION_COMMENTS = YES;
				CLANG_WARN_EMPTY_BODY = YES;
				CLANG_WARN_ENUM_CONVERSION = YES;
				CLANG_WARN_INFINITE_RECURSION = YES;
				CLANG_WARN_INT_CONVERSION = YES;
				CLANG_WARN_NON_LITERAL_NULL_CONVERSION = YES;
				CLANG_WARN_OBJC_LITERAL_CONVERSION = YES;
				CLANG_WARN_OBJC_ROOT_CLASS = YES_ERROR;
				CLANG_WARN_RANGE_LOOP_ANALYSIS = YES;
				CLANG_WARN_STRICT_PROTOTYPES = YES;
				CLANG_WARN_SUSPICIOUS_MOVE = YES;
				CLANG_WARN_UNGUARDED_AVAILABILITY = YES_AGGRESSIVE;
				CLANG_WARN_UNREACHABLE_CODE = YES;
				CLANG_WARN__DUPLICATE_METHOD_MATCH = YES;
				CODE_SIGN_IDENTITY = "iPhone Developer";
				COPY_PHASE_STRIP = NO;
				DEBUG_INFORMATION_FORMAT = dwarf;
				ENABLE_STRICT_OBJC_MSGSEND = YES;
				ENABLE_TESTABILITY = YES;
				GCC_C_LANGUAGE_STANDARD = gnu11;
				GCC_DYNAMIC_NO_PIC = NO;
				GCC_NO_COMMON_BLOCKS = YES;
				GCC_OPTIMIZATION_LEVEL = 0;
				GCC_PREPROCESSOR_DEFINITIONS = (
					"DEBUG=1",
					"$(inherited)",
				);
				GCC_WARN_64_TO_32_BIT_CONVERSION = YES;
				GCC_WARN_ABOUT_RETURN_TYPE = YES_ERROR;
				GCC_WARN_UNDECLARED_SELECTOR = YES;
				GCC_WARN_UNINITIALIZED_AUTOS = YES_AGGRESSIVE;
				GCC_WARN_UNUSED_FUNCTION = YES;
				GCC_WARN_UNUSED_VARIABLE = YES;
				IPHONEOS_DEPLOYMENT_TARGET = 11.2;
				MTL_ENABLE_DEBUG_INFO = YES;
				ONLY_ACTIVE_ARCH = YES;
				SDKROOT = iphoneos;
				SWIFT_ACTIVE_COMPILATION_CONDITIONS = DEBUG;
				SWIFT_OPTIMIZATION_LEVEL = "-Onone";
			};
			name = Debug;
		};
		08BA1790203FE1F100435F8F /* Release */ = {
			isa = XCBuildConfiguration;
			buildSettings = {
				ALWAYS_SEARCH_USER_PATHS = NO;
				CLANG_ANALYZER_NONNULL = YES;
				CLANG_ANALYZER_NUMBER_OBJECT_CONVERSION = YES_AGGRESSIVE;
				CLANG_CXX_LANGUAGE_STANDARD = "gnu++14";
				CLANG_CXX_LIBRARY = "libc++";
				CLANG_ENABLE_MODULES = YES;
				CLANG_ENABLE_OBJC_ARC = YES;
				CLANG_WARN_BLOCK_CAPTURE_AUTORELEASING = YES;
				CLANG_WARN_BOOL_CONVERSION = YES;
				CLANG_WARN_COMMA = YES;
				CLANG_WARN_CONSTANT_CONVERSION = YES;
				CLANG_WARN_DIRECT_OBJC_ISA_USAGE = YES_ERROR;
				CLANG_WARN_DOCUMENTATION_COMMENTS = YES;
				CLANG_WARN_EMPTY_BODY = YES;
				CLANG_WARN_ENUM_CONVERSION = YES;
				CLANG_WARN_INFINITE_RECURSION = YES;
				CLANG_WARN_INT_CONVERSION = YES;
				CLANG_WARN_NON_LITERAL_NULL_CONVERSION = YES;
				CLANG_WARN_OBJC_LITERAL_CONVERSION = YES;
				CLANG_WARN_OBJC_ROOT_CLASS = YES_ERROR;
				CLANG_WARN_RANGE_LOOP_ANALYSIS = YES;
				CLANG_WARN_STRICT_PROTOTYPES = YES;
				CLANG_WARN_SUSPICIOUS_MOVE = YES;
				CLANG_WARN_UNGUARDED_AVAILABILITY = YES_AGGRESSIVE;
				CLANG_WARN_UNREACHABLE_CODE = YES;
				CLANG_WARN__DUPLICATE_METHOD_MATCH = YES;
				CODE_SIGN_IDENTITY = "iPhone Developer";
				COPY_PHASE_STRIP = NO;
				DEBUG_INFORMATION_FORMAT = "dwarf-with-dsym";
				ENABLE_NS_ASSERTIONS = NO;
				ENABLE_STRICT_OBJC_MSGSEND = YES;
				GCC_C_LANGUAGE_STANDARD = gnu11;
				GCC_NO_COMMON_BLOCKS = YES;
				GCC_WARN_64_TO_32_BIT_CONVERSION = YES;
				GCC_WARN_ABOUT_RETURN_TYPE = YES_ERROR;
				GCC_WARN_UNDECLARED_SELECTOR = YES;
				GCC_WARN_UNINITIALIZED_AUTOS = YES_AGGRESSIVE;
				GCC_WARN_UNUSED_FUNCTION = YES;
				GCC_WARN_UNUSED_VARIABLE = YES;
				IPHONEOS_DEPLOYMENT_TARGET = 11.2;
				MTL_ENABLE_DEBUG_INFO = NO;
				SDKROOT = iphoneos;
				SWIFT_OPTIMIZATION_LEVEL = "-Owholemodule";
				VALIDATE_PRODUCT = YES;
			};
			name = Release;
		};
		08BA1792203FE1F100435F8F /* Debug */ = {
			isa = XCBuildConfiguration;
			buildSettings = {
				ASSETCATALOG_COMPILER_APPICON_NAME = AppIcon;
				CODE_SIGN_STYLE = Automatic;
				DEVELOPMENT_TEAM = BM93ACT257;
				INFOPLIST_FILE = weatherApp/Info.plist;
				LD_RUNPATH_SEARCH_PATHS = "$(inherited) @executable_path/Frameworks";
				PRODUCT_BUNDLE_IDENTIFIER = com.rahul.weatherApp;
				PRODUCT_NAME = "$(TARGET_NAME)";
				SWIFT_VERSION = 4.0;
				TARGETED_DEVICE_FAMILY = "1,2";
			};
			name = Debug;
		};
		08BA1793203FE1F100435F8F /* Release */ = {
			isa = XCBuildConfiguration;
			buildSettings = {
				ASSETCATALOG_COMPILER_APPICON_NAME = AppIcon;
				CODE_SIGN_STYLE = Automatic;
				DEVELOPMENT_TEAM = BM93ACT257;
				INFOPLIST_FILE = weatherApp/Info.plist;
				LD_RUNPATH_SEARCH_PATHS = "$(inherited) @executable_path/Frameworks";
				PRODUCT_BUNDLE_IDENTIFIER = com.rahul.weatherApp;
				PRODUCT_NAME = "$(TARGET_NAME)";
				SWIFT_VERSION = 4.0;
				TARGETED_DEVICE_FAMILY = "1,2";
			};
			name = Release;
		};
		08BA1795203FE1F100435F8F /* Debug */ = {
			isa = XCBuildConfiguration;
			buildSettings = {
				ALWAYS_EMBED_SWIFT_STANDARD_LIBRARIES = YES;
				BUNDLE_LOADER = "$(TEST_HOST)";
				CODE_SIGN_STYLE = Automatic;
				DEVELOPMENT_TEAM = BM93ACT257;
				INFOPLIST_FILE = weatherAppTests/Info.plist;
				LD_RUNPATH_SEARCH_PATHS = "$(inherited) @executable_path/Frameworks @loader_path/Frameworks";
				PRODUCT_BUNDLE_IDENTIFIER = com.rahul.weatherAppTests;
				PRODUCT_NAME = "$(TARGET_NAME)";
				SWIFT_VERSION = 4.0;
				TARGETED_DEVICE_FAMILY = "1,2";
				TEST_HOST = "$(BUILT_PRODUCTS_DIR)/weatherApp.app/weatherApp";
			};
			name = Debug;
		};
		08BA1796203FE1F100435F8F /* Release */ = {
			isa = XCBuildConfiguration;
			buildSettings = {
				ALWAYS_EMBED_SWIFT_STANDARD_LIBRARIES = YES;
				BUNDLE_LOADER = "$(TEST_HOST)";
				CODE_SIGN_STYLE = Automatic;
				DEVELOPMENT_TEAM = BM93ACT257;
				INFOPLIST_FILE = weatherAppTests/Info.plist;
				LD_RUNPATH_SEARCH_PATHS = "$(inherited) @executable_path/Frameworks @loader_path/Frameworks";
				PRODUCT_BUNDLE_IDENTIFIER = com.rahul.weatherAppTests;
				PRODUCT_NAME = "$(TARGET_NAME)";
				SWIFT_VERSION = 4.0;
				TARGETED_DEVICE_FAMILY = "1,2";
				TEST_HOST = "$(BUILT_PRODUCTS_DIR)/weatherApp.app/weatherApp";
			};
			name = Release;
		};
		08BA1798203FE1F100435F8F /* Debug */ = {
			isa = XCBuildConfiguration;
			buildSettings = {
				ALWAYS_EMBED_SWIFT_STANDARD_LIBRARIES = YES;
				CODE_SIGN_STYLE = Automatic;
				DEVELOPMENT_TEAM = BM93ACT257;
				INFOPLIST_FILE = weatherAppUITests/Info.plist;
				LD_RUNPATH_SEARCH_PATHS = "$(inherited) @executable_path/Frameworks @loader_path/Frameworks";
				PRODUCT_BUNDLE_IDENTIFIER = com.rahul.weatherAppUITests;
				PRODUCT_NAME = "$(TARGET_NAME)";
				SWIFT_VERSION = 4.0;
				TARGETED_DEVICE_FAMILY = "1,2";
				TEST_TARGET_NAME = weatherApp;
			};
			name = Debug;
		};
		08BA1799203FE1F100435F8F /* Release */ = {
			isa = XCBuildConfiguration;
			buildSettings = {
				ALWAYS_EMBED_SWIFT_STANDARD_LIBRARIES = YES;
				CODE_SIGN_STYLE = Automatic;
				DEVELOPMENT_TEAM = BM93ACT257;
				INFOPLIST_FILE = weatherAppUITests/Info.plist;
				LD_RUNPATH_SEARCH_PATHS = "$(inherited) @executable_path/Frameworks @loader_path/Frameworks";
				PRODUCT_BUNDLE_IDENTIFIER = com.rahul.weatherAppUITests;
				PRODUCT_NAME = "$(TARGET_NAME)";
				SWIFT_VERSION = 4.0;
				TARGETED_DEVICE_FAMILY = "1,2";
				TEST_TARGET_NAME = weatherApp;
			};
			name = Release;
		};
/* End XCBuildConfiguration section */

/* Begin XCConfigurationList section */
		08BA1761203FE1F100435F8F /* Build configuration list for PBXProject "weatherApp" */ = {
			isa = XCConfigurationList;
			buildConfigurations = (
				08BA178F203FE1F100435F8F /* Debug */,
				08BA1790203FE1F100435F8F /* Release */,
			);
			defaultConfigurationIsVisible = 0;
			defaultConfigurationName = Release;
		};
		08BA1791203FE1F100435F8F /* Build configuration list for PBXNativeTarget "weatherApp" */ = {
			isa = XCConfigurationList;
			buildConfigurations = (
				08BA1792203FE1F100435F8F /* Debug */,
				08BA1793203FE1F100435F8F /* Release */,
			);
			defaultConfigurationIsVisible = 0;
			defaultConfigurationName = Release;
		};
		08BA1794203FE1F100435F8F /* Build configuration list for PBXNativeTarget "weatherAppTests" */ = {
			isa = XCConfigurationList;
			buildConfigurations = (
				08BA1795203FE1F100435F8F /* Debug */,
				08BA1796203FE1F100435F8F /* Release */,
			);
			defaultConfigurationIsVisible = 0;
			defaultConfigurationName = Release;
		};
		08BA1797203FE1F100435F8F /* Build configuration list for PBXNativeTarget "weatherAppUITests" */ = {
			isa = XCConfigurationList;
			buildConfigurations = (
				08BA1798203FE1F100435F8F /* Debug */,
				08BA1799203FE1F100435F8F /* Release */,
			);
			defaultConfigurationIsVisible = 0;
			defaultConfigurationName = Release;
		};
/* End XCConfigurationList section */

/* Begin XCVersionGroup section */
		08BA1770203FE1F100435F8F /* weatherApp.xcdatamodeld */ = {
			isa = XCVersionGroup;
			children = (
				08BA1771203FE1F100435F8F /* weatherApp.xcdatamodel */,
			);
			currentVersion = 08BA1771203FE1F100435F8F /* weatherApp.xcdatamodel */;
			path = weatherApp.xcdatamodeld;
			sourceTree = "<group>";
			versionGroupType = wrapper.xcdatamodel;
		};
/* End XCVersionGroup section */
	};
	rootObject = 08BA175E203FE1F100435F8F /* Project object */;
}
